
Microsoft Visual Studio Solution File, Format Version 12.00
# Visual Studio Version 17
VisualStudioVersion = 17.3.32922.545
MinimumVisualStudioVersion = 10.0.40219.1
Project("{FAE04EC0-301F-11D3-BF4B-00C04F79EFBC}") = "Burgerama Burger Shop App", "Burgerama Burger Shop App\Burgerama Burger Shop App.csproj", "{4E3B1428-D3C3-4558-9DBE-777FAD1A2FF2}"
EndProject
Global
	GlobalSection(SolutionConfigurationPlatforms) = preSolution
		Debug|Any CPU = Debug|Any CPU
		Release|Any CPU = Release|Any CPU
	EndGlobalSection
	GlobalSection(ProjectConfigurationPlatforms) = postSolution
		{4E3B1428-D3C3-4558-9DBE-777FAD1A2FF2}.Debug|Any CPU.ActiveCfg = Debug|Any CPU
		{4E3B1428-D3C3-4558-9DBE-777FAD1A2FF2}.Debug|Any CPU.Build.0 = Debug|Any CPU
		{4E3B1428-D3C3-4558-9DBE-777FAD1A2FF2}.Release|Any CPU.ActiveCfg = Release|Any CPU
		{4E3B1428-D3C3-4558-9DBE-777FAD1A2FF2}.Release|Any CPU.Build.0 = Release|Any CPU
	EndGlobalSection
	GlobalSection(SolutionProperties) = preSolution
		HideSolutionNode = FALSE
	EndGlobalSection
	GlobalSection(ExtensibilityGlobals) = postSolution
		SolutionGuid = {4B5FDA01-E483-4F78-9335-8F631CE6FBAC}
	EndGlobalSection
EndGlobal
